
Microsoft Visual Studio Solution File, Format Version 12.00
# Visual Studio Version 16
VisualStudioVersion = 16.0.30717.126
MinimumVisualStudioVersion = 10.0.40219.1
Project("{FAE04EC0-301F-11D3-BF4B-00C04F79EFBC}") = "MimovitalRazor", "MimovitalRazor\MimovitalRazor.csproj", "{E788B38B-3C59-4D58-B064-C29BA6A4F877}"
EndProject
Global
	GlobalSection(SolutionConfigurationPlatforms) = preSolution
		Debug|Any CPU = Debug|Any CPU
		Release|Any CPU = Release|Any CPU
	EndGlobalSection
	GlobalSection(ProjectConfigurationPlatforms) = postSolution
		{E788B38B-3C59-4D58-B064-C29BA6A4F877}.Debug|Any CPU.ActiveCfg = Debug|Any CPU
		{E788B38B-3C59-4D58-B064-C29BA6A4F877}.Debug|Any CPU.Build.0 = Debug|Any CPU
		{E788B38B-3C59-4D58-B064-C29BA6A4F877}.Release|Any CPU.ActiveCfg = Release|Any CPU
		{E788B38B-3C59-4D58-B064-C29BA6A4F877}.Release|Any CPU.Build.0 = Release|Any CPU
	EndGlobalSection
	GlobalSection(SolutionProperties) = preSolution
		HideSolutionNode = FALSE
	EndGlobalSection
	GlobalSection(ExtensibilityGlobals) = postSolution
		SolutionGuid = {54591A7F-B51B-4508-B369-8740A2618D12}
	EndGlobalSection
EndGlobal
